
Microsoft Visual Studio Solution File, Format Version 12.00
# Visual Studio Version 16
VisualStudioVersion = 16.0.30503.244
MinimumVisualStudioVersion = 10.0.40219.1
Project("{FAE04EC0-301F-11D3-BF4B-00C04F79EFBC}") = "OOP.Builder", "OOP.Builder\OOP.Builder.csproj", "{B4B80F3D-96B5-4FB4-B8A3-7B459BC45107}"
EndProject
Global
	GlobalSection(SolutionConfigurationPlatforms) = preSolution
		Debug|Any CPU = Debug|Any CPU
		Release|Any CPU = Release|Any CPU
	EndGlobalSection
	GlobalSection(ProjectConfigurationPlatforms) = postSolution
		{B4B80F3D-96B5-4FB4-B8A3-7B459BC45107}.Debug|Any CPU.ActiveCfg = Debug|Any CPU
		{B4B80F3D-96B5-4FB4-B8A3-7B459BC45107}.Debug|Any CPU.Build.0 = Debug|Any CPU
		{B4B80F3D-96B5-4FB4-B8A3-7B459BC45107}.Release|Any CPU.ActiveCfg = Release|Any CPU
		{B4B80F3D-96B5-4FB4-B8A3-7B459BC45107}.Release|Any CPU.Build.0 = Release|Any CPU
	EndGlobalSection
	GlobalSection(SolutionProperties) = preSolution
		HideSolutionNode = FALSE
	EndGlobalSection
	GlobalSection(ExtensibilityGlobals) = postSolution
		SolutionGuid = {B074D33A-F651-4389-B3E3-535BC13F9292}
	EndGlobalSection
EndGlobal
